
Microsoft Visual Studio Solution File, Format Version 12.00
# Visual Studio Version 17
VisualStudioVersion = 17.10.34928.147
MinimumVisualStudioVersion = 10.0.40219.1
Project("{8BC9CEB8-8B4A-11D0-8D11-00A0C91BC942}") = "MyCOM", "MyCOM.vcxproj", "{F536DA01-32DD-4495-BA85-7669F56AC65D}"
EndProject
Global
	GlobalSection(SolutionConfigurationPlatforms) = preSolution
		Debug|x64 = Debug|x64
		Release|x64 = Release|x64
	EndGlobalSection
	GlobalSection(ProjectConfigurationPlatforms) = postSolution
		{F536DA01-32DD-4495-BA85-7669F56AC65D}.Debug|x64.ActiveCfg = Debug|x64
		{F536DA01-32DD-4495-BA85-7669F56AC65D}.Debug|x64.Build.0 = Debug|x64
		{F536DA01-32DD-4495-BA85-7669F56AC65D}.Release|x64.ActiveCfg = Release|x64
		{F536DA01-32DD-4495-BA85-7669F56AC65D}.Release|x64.Build.0 = Release|x64
	EndGlobalSection
	GlobalSection(SolutionProperties) = preSolution
		HideSolutionNode = FALSE
	EndGlobalSection
	GlobalSection(ExtensibilityGlobals) = postSolution
		SolutionGuid = {38D685A1-797D-4F1E-ACD5-0A4707E4A964}
	EndGlobalSection
EndGlobal
